// !$*UTF8*$!
{
	archiveVersion = 1;
	classes = {
	};
	objectVersion = 56;
	objects = {

/* Begin PBXBuildFile section */
		035D4A632A2FBC9100548E21 /* ContactsApp.swift in Sources */ = {isa = PBXBuildFile; fileRef = 035D4A622A2FBC9100548E21 /* ContactsApp.swift */; };
		035D4A652A2FBC9100548E21 /* ContentView.swift in Sources */ = {isa = PBXBuildFile; fileRef = 035D4A642A2FBC9100548E21 /* ContentView.swift */; };
		035D4A672A2FBC9200548E21 /* Assets.xcassets in Resources */ = {isa = PBXBuildFile; fileRef = 035D4A662A2FBC9200548E21 /* Assets.xcassets */; };
		035D4A6A2A2FBC9200548E21 /* Preview Assets.xcassets in Resources */ = {isa = PBXBuildFile; fileRef = 035D4A692A2FBC9200548E21 /* Preview Assets.xcassets */; };
		035D4A732A2FBF4100548E21 /* FirebaseAuth in Frameworks */ = {isa = PBXBuildFile; productRef = 035D4A722A2FBF4100548E21 /* FirebaseAuth */; };
		035D4A752A2FBF4100548E21 /* FirebaseFirestore in Frameworks */ = {isa = PBXBuildFile; productRef = 035D4A742A2FBF4100548E21 /* FirebaseFirestore */; };
		035D4A772A2FC08200548E21 /* GoogleService-Info.plist in Resources */ = {isa = PBXBuildFile; fileRef = 035D4A762A2FC08100548E21 /* GoogleService-Info.plist */; };
		035D4ACA2A30FE3900548E21 /* ContactsView.swift in Sources */ = {isa = PBXBuildFile; fileRef = 035D4AC92A30FE3900548E21 /* ContactsView.swift */; };
		035D4ACD2A30FE5B00548E21 /* ContactsModel.swift in Sources */ = {isa = PBXBuildFile; fileRef = 035D4ACC2A30FE5B00548E21 /* ContactsModel.swift */; };
		035D4ACF2A30FE6C00548E21 /* ContactsViewModel.swift in Sources */ = {isa = PBXBuildFile; fileRef = 035D4ACE2A30FE6C00548E21 /* ContactsViewModel.swift */; };
		035D4AD22A30FF6A00548E21 /* NewContactView.swift in Sources */ = {isa = PBXBuildFile; fileRef = 035D4AD12A30FF6A00548E21 /* NewContactView.swift */; };
/* End PBXBuildFile section */

/* Begin PBXFileReference section */
		035D4A5F2A2FBC9100548E21 /* Contacts.app */ = {isa = PBXFileReference; explicitFileType = wrapper.application; includeInIndex = 0; path = Contacts.app; sourceTree = BUILT_PRODUCTS_DIR; };
		035D4A622A2FBC9100548E21 /* ContactsApp.swift */ = {isa = PBXFileReference; lastKnownFileType = sourcecode.swift; path = ContactsApp.swift; sourceTree = "<group>"; };
		035D4A642A2FBC9100548E21 /* ContentView.swift */ = {isa = PBXFileReference; lastKnownFileType = sourcecode.swift; path = ContentView.swift; sourceTree = "<group>"; };
		035D4A662A2FBC9200548E21 /* Assets.xcassets */ = {isa = PBXFileReference; lastKnownFileType = folder.assetcatalog; path = Assets.xcassets; sourceTree = "<group>"; };
		035D4A692A2FBC9200548E21 /* Preview Assets.xcassets */ = {isa = PBXFileReference; lastKnownFileType = folder.assetcatalog; path = "Preview Assets.xcassets"; sourceTree = "<group>"; };
		035D4A762A2FC08100548E21 /* GoogleService-Info.plist */ = {isa = PBXFileReference; fileEncoding = 4; lastKnownFileType = text.plist.xml; path = "GoogleService-Info.plist"; sourceTree = "<group>"; };
		035D4AC92A30FE3900548E21 /* ContactsView.swift */ = {isa = PBXFileReference; lastKnownFileType = sourcecode.swift; path = ContactsView.swift; sourceTree = "<group>"; };
		035D4ACC2A30FE5B00548E21 /* ContactsModel.swift */ = {isa = PBXFileReference; lastKnownFileType = sourcecode.swift; path = ContactsModel.swift; sourceTree = "<group>"; };
		035D4ACE2A30FE6C00548E21 /* ContactsViewModel.swift */ = {isa = PBXFileReference; lastKnownFileType = sourcecode.swift; path = ContactsViewModel.swift; sourceTree = "<group>"; };
		035D4AD12A30FF6A00548E21 /* NewContactView.swift */ = {isa = PBXFileReference; lastKnownFileType = sourcecode.swift; path = NewContactView.swift; sourceTree = "<group>"; };
/* End PBXFileReference section */

/* Begin PBXFrameworksBuildPhase section */
		035D4A5C2A2FBC9100548E21 /* Frameworks */ = {
			isa = PBXFrameworksBuildPhase;
			buildActionMask = 2147483647;
			files = (
				035D4A732A2FBF4100548E21 /* FirebaseAuth in Frameworks */,
				035D4A752A2FBF4100548E21 /* FirebaseFirestore in Frameworks */,
			);
			runOnlyForDeploymentPostprocessing = 0;
		};
/* End PBXFrameworksBuildPhase section */

/* Begin PBXGroup section */
		035D4A562A2FBC9100548E21 = {
			isa = PBXGroup;
			children = (
				035D4A612A2FBC9100548E21 /* Contacts */,
				035D4A602A2FBC9100548E21 /* Products */,
			);
			sourceTree = "<group>";
		};
		035D4A602A2FBC9100548E21 /* Products */ = {
			isa = PBXGroup;
			children = (
				035D4A5F2A2FBC9100548E21 /* Contacts.app */,
			);
			name = Products;
			sourceTree = "<group>";
		};
		035D4A612A2FBC9100548E21 /* Contacts */ = {
			isa = PBXGroup;
			children = (
				035D4AD02A30FE7300548E21 /* ViewModel */,
				035D4ACB2A30FE3F00548E21 /* Model */,
				035D4AC82A30FDFC00548E21 /* View */,
				035D4A622A2FBC9100548E21 /* ContactsApp.swift */,
				035D4A642A2FBC9100548E21 /* ContentView.swift */,
				035D4A662A2FBC9200548E21 /* Assets.xcassets */,
				035D4A762A2FC08100548E21 /* GoogleService-Info.plist */,
				035D4A682A2FBC9200548E21 /* Preview Content */,
			);
			path = Contacts;
			sourceTree = "<group>";
		};
		035D4A682A2FBC9200548E21 /* Preview Content */ = {
			isa = PBXGroup;
			children = (
				035D4A692A2FBC9200548E21 /* Preview Assets.xcassets */,
			);
			path = "Preview Content";
			sourceTree = "<group>";
		};
		035D4AC82A30FDFC00548E21 /* View */ = {
			isa = PBXGroup;
			children = (
				035D4AC92A30FE3900548E21 /* ContactsView.swift */,
				035D4AD12A30FF6A00548E21 /* NewContactView.swift */,
			);
			path = View;
			sourceTree = "<group>";
		};
		035D4ACB2A30FE3F00548E21 /* Model */ = {
			isa = PBXGroup;
			children = (
				035D4ACC2A30FE5B00548E21 /* ContactsModel.swift */,
			);
			path = Model;
			sourceTree = "<group>";
		};
		035D4AD02A30FE7300548E21 /* ViewModel */ = {
			isa = PBXGroup;
			children = (
				035D4ACE2A30FE6C00548E21 /* ContactsViewModel.swift */,
			);
			path = ViewModel;
			sourceTree = "<group>";
		};
/* End PBXGroup section */

/* Begin PBXNativeTarget section */
		035D4A5E2A2FBC9100548E21 /* Contacts */ = {
			isa = PBXNativeTarget;
			buildConfigurationList = 035D4A6D2A2FBC9200548E21 /* Build configuration list for PBXNativeTarget "Contacts" */;
			buildPhases = (
				035D4A5B2A2FBC9100548E21 /* Sources */,
				035D4A5C2A2FBC9100548E21 /* Frameworks */,
				035D4A5D2A2FBC9100548E21 /* Resources */,
			);
			buildRules = (
			);
			dependencies = (
			);
			name = Contacts;
			packageProductDependencies = (
				035D4A722A2FBF4100548E21 /* FirebaseAuth */,
				035D4A742A2FBF4100548E21 /* FirebaseFirestore */,
			);
			productName = Contacts;
			productReference = 035D4A5F2A2FBC9100548E21 /* Contacts.app */;
			productType = "com.apple.product-type.application";
		};
/* End PBXNativeTarget section */

/* Begin PBXProject section */
		035D4A572A2FBC9100548E21 /* Project object */ = {
			isa = PBXProject;
			attributes = {
				BuildIndependentTargetsInParallel = 1;
				LastSwiftUpdateCheck = 1420;
				LastUpgradeCheck = 1420;
				TargetAttributes = {
					035D4A5E2A2FBC9100548E21 = {
						CreatedOnToolsVersion = 14.2;
					};
				};
			};
			buildConfigurationList = 035D4A5A2A2FBC9100548E21 /* Build configuration list for PBXProject "Contacts" */;
			compatibilityVersion = "Xcode 14.0";
			developmentRegion = en;
			hasScannedForEncodings = 0;
			knownRegions = (
				en,
				Base,
			);
			mainGroup = 035D4A562A2FBC9100548E21;
			packageReferences = (
				035D4A712A2FBF4100548E21 /* XCRemoteSwiftPackageReference "firebase-ios-sdk" */,
			);
			productRefGroup = 035D4A602A2FBC9100548E21 /* Products */;
			projectDirPath = "";
			projectRoot = "";
			targets = (
				035D4A5E2A2FBC9100548E21 /* Contacts */,
			);
		};
/* End PBXProject section */

/* Begin PBXResourcesBuildPhase section */
		035D4A5D2A2FBC9100548E21 /* Resources */ = {
			isa = PBXResourcesBuildPhase;
			buildActionMask = 2147483647;
			files = (
				035D4A6A2A2FBC9200548E21 /* Preview Assets.xcassets in Resources */,
				035D4A672A2FBC9200548E21 /* Assets.xcassets in Resources */,
				035D4A772A2FC08200548E21 /* GoogleService-Info.plist in Resources */,
			);
			runOnlyForDeploymentPostprocessing = 0;
		};
/* End PBXResourcesBuildPhase section */

/* Begin PBXSourcesBuildPhase section */
		035D4A5B2A2FBC9100548E21 /* Sources */ = {
			isa = PBXSourcesBuildPhase;
			buildActionMask = 2147483647;
			files = (
				035D4ACA2A30FE3900548E21 /* ContactsView.swift in Sources */,
				035D4ACF2A30FE6C00548E21 /* ContactsViewModel.swift in Sources */,
				035D4AD22A30FF6A00548E21 /* NewContactView.swift in Sources */,
				035D4A652A2FBC9100548E21 /* ContentView.swift in Sources */,
				035D4ACD2A30FE5B00548E21 /* ContactsModel.swift in Sources */,
				035D4A632A2FBC9100548E21 /* ContactsApp.swift in Sources */,
			);
			runOnlyForDeploymentPostprocessing = 0;
		};
/* End PBXSourcesBuildPhase section */

/* Begin XCBuildConfiguration section */
		035D4A6B2A2FBC9200548E21 /* Debug */ = {
			isa = XCBuildConfiguration;
			buildSettings = {
				ALWAYS_SEARCH_USER_PATHS = NO;
				CLANG_ANALYZER_NONNULL = YES;
				CLANG_ANALYZER_NUMBER_OBJECT_CONVERSION = YES_AGGRESSIVE;
				CLANG_CXX_LANGUAGE_STANDARD = "gnu++20";
				CLANG_ENABLE_MODULES = YES;
				CLANG_ENABLE_OBJC_ARC = YES;
				CLANG_ENABLE_OBJC_WEAK = YES;
				CLANG_WARN_BLOCK_CAPTURE_AUTORELEASING = YES;
				CLANG_WARN_BOOL_CONVERSION = YES;
				CLANG_WARN_COMMA = YES;
				CLANG_WARN_CONSTANT_CONVERSION = YES;
				CLANG_WARN_DEPRECATED_OBJC_IMPLEMENTATIONS = YES;
				CLANG_WARN_DIRECT_OBJC_ISA_USAGE = YES_ERROR;
				CLANG_WARN_DOCUMENTATION_COMMENTS = YES;
				CLANG_WARN_EMPTY_BODY = YES;
				CLANG_WARN_ENUM_CONVERSION = YES;
				CLANG_WARN_INFINITE_RECURSION = YES;
				CLANG_WARN_INT_CONVERSION = YES;
				CLANG_WARN_NON_LITERAL_NULL_CONVERSION = YES;
				CLANG_WARN_OBJC_IMPLICIT_RETAIN_SELF = YES;
				CLANG_WARN_OBJC_LITERAL_CONVERSION = YES;
				CLANG_WARN_OBJC_ROOT_CLASS = YES_ERROR;
				CLANG_WARN_QUOTED_INCLUDE_IN_FRAMEWORK_HEADER = YES;
				CLANG_WARN_RANGE_LOOP_ANALYSIS = YES;
				CLANG_WARN_STRICT_PROTOTYPES = YES;
				CLANG_WARN_SUSPICIOUS_MOVE = YES;
				CLANG_WARN_UNGUARDED_AVAILABILITY = YES_AGGRESSIVE;
				CLANG_WARN_UNREACHABLE_CODE = YES;
				CLANG_WARN__DUPLICATE_METHOD_MATCH = YES;
				COPY_PHASE_STRIP = NO;
				DEBUG_INFORMATION_FORMAT = dwarf;
				ENABLE_STRICT_OBJC_MSGSEND = YES;
				ENABLE_TESTABILITY = YES;
				GCC_C_LANGUAGE_STANDARD = gnu11;
				GCC_DYNAMIC_NO_PIC = NO;
				GCC_NO_COMMON_BLOCKS = YES;
				GCC_OPTIMIZATION_LEVEL = 0;
				GCC_PREPROCESSOR_DEFINITIONS = (
					"DEBUG=1",
					"$(inherited)",
				);
				GCC_WARN_64_TO_32_BIT_CONVERSION = YES;
				GCC_WARN_ABOUT_RETURN_TYPE = YES_ERROR;
				GCC_WARN_UNDECLARED_SELECTOR = YES;
				GCC_WARN_UNINITIALIZED_AUTOS = YES_AGGRESSIVE;
				GCC_WARN_UNUSED_FUNCTION = YES;
				GCC_WARN_UNUSED_VARIABLE = YES;
				IPHONEOS_DEPLOYMENT_TARGET = 16.2;
				MTL_ENABLE_DEBUG_INFO = INCLUDE_SOURCE;
				MTL_FAST_MATH = YES;
				ONLY_ACTIVE_ARCH = YES;
				SDKROOT = iphoneos;
				SWIFT_ACTIVE_COMPILATION_CONDITIONS = DEBUG;
				SWIFT_OPTIMIZATION_LEVEL = "-Onone";
			};
			name = Debug;
		};
		035D4A6C2A2FBC9200548E21 /* Release */ = {
			isa = XCBuildConfiguration;
			buildSettings = {
				ALWAYS_SEARCH_USER_PATHS = NO;
				CLANG_ANALYZER_NONNULL = YES;
				CLANG_ANALYZER_NUMBER_OBJECT_CONVERSION = YES_AGGRESSIVE;
				CLANG_CXX_LANGUAGE_STANDARD = "gnu++20";
				CLANG_ENABLE_MODULES = YES;
				CLANG_ENABLE_OBJC_ARC = YES;
				CLANG_ENABLE_OBJC_WEAK = YES;
				CLANG_WARN_BLOCK_CAPTURE_AUTORELEASING = YES;
				CLANG_WARN_BOOL_CONVERSION = YES;
				CLANG_WARN_COMMA = YES;
				CLANG_WARN_CONSTANT_CONVERSION = YES;
				CLANG_WARN_DEPRECATED_OBJC_IMPLEMENTATIONS = YES;
				CLANG_WARN_DIRECT_OBJC_ISA_USAGE = YES_ERROR;
				CLANG_WARN_DOCUMENTATION_COMMENTS = YES;
				CLANG_WARN_EMPTY_BODY = YES;
				CLANG_WARN_ENUM_CONVERSION = YES;
				CLANG_WARN_INFINITE_RECURSION = YES;
				CLANG_WARN_INT_CONVERSION = YES;
				CLANG_WARN_NON_LITERAL_NULL_CONVERSION = YES;
				CLANG_WARN_OBJC_IMPLICIT_RETAIN_SELF = YES;
				CLANG_WARN_OBJC_LITERAL_CONVERSION = YES;
				CLANG_WARN_OBJC_ROOT_CLASS = YES_ERROR;
				CLANG_WARN_QUOTED_INCLUDE_IN_FRAMEWORK_HEADER = YES;
				CLANG_WARN_RANGE_LOOP_ANALYSIS = YES;
				CLANG_WARN_STRICT_PROTOTYPES = YES;
				CLANG_WARN_SUSPICIOUS_MOVE = YES;
				CLANG_WARN_UNGUARDED_AVAILABILITY = YES_AGGRESSIVE;
				CLANG_WARN_UNREACHABLE_CODE = YES;
				CLANG_WARN__DUPLICATE_METHOD_MATCH = YES;
				COPY_PHASE_STRIP = NO;
				DEBUG_INFORMATION_FORMAT = "dwarf-with-dsym";
				ENABLE_NS_ASSERTIONS = NO;
				ENABLE_STRICT_OBJC_MSGSEND = YES;
				GCC_C_LANGUAGE_STANDARD = gnu11;
				GCC_NO_COMMON_BLOCKS = YES;
				GCC_WARN_64_TO_32_BIT_CONVERSION = YES;
				GCC_WARN_ABOUT_RETURN_TYPE = YES_ERROR;
				GCC_WARN_UNDECLARED_SELECTOR = YES;
				GCC_WARN_UNINITIALIZED_AUTOS = YES_AGGRESSIVE;
				GCC_WARN_UNUSED_FUNCTION = YES;
				GCC_WARN_UNUSED_VARIABLE = YES;
				IPHONEOS_DEPLOYMENT_TARGET = 16.2;
				MTL_ENABLE_DEBUG_INFO = NO;
				MTL_FAST_MATH = YES;
				SDKROOT = iphoneos;
				SWIFT_COMPILATION_MODE = wholemodule;
				SWIFT_OPTIMIZATION_LEVEL = "-O";
				VALIDATE_PRODUCT = YES;
			};
			name = Release;
		};
		035D4A6E2A2FBC9200548E21 /* Debug */ = {
			isa = XCBuildConfiguration;
			buildSettings = {
				ASSETCATALOG_COMPILER_APPICON_NAME = AppIcon;
				ASSETCATALOG_COMPILER_GLOBAL_ACCENT_COLOR_NAME = AccentColor;
				CODE_SIGN_STYLE = Automatic;
				CURRENT_PROJECT_VERSION = 1;
				DEVELOPMENT_ASSET_PATHS = "\"Contacts/Preview Content\"";
				DEVELOPMENT_TEAM = RWX4BM392G;
				ENABLE_PREVIEWS = YES;
				GENERATE_INFOPLIST_FILE = YES;
				INFOPLIST_KEY_UIApplicationSceneManifest_Generation = YES;
				INFOPLIST_KEY_UIApplicationSupportsIndirectInputEvents = YES;
				INFOPLIST_KEY_UILaunchScreen_Generation = YES;
				INFOPLIST_KEY_UISupportedInterfaceOrientations_iPad = "UIInterfaceOrientationPortrait UIInterfaceOrientationPortraitUpsideDown UIInterfaceOrientationLandscapeLeft UIInterfaceOrientationLandscapeRight";
				INFOPLIST_KEY_UISupportedInterfaceOrientations_iPhone = "UIInterfaceOrientationPortrait UIInterfaceOrientationLandscapeLeft UIInterfaceOrientationLandscapeRight";
				LD_RUNPATH_SEARCH_PATHS = (
					"$(inherited)",
					"@executable_path/Frameworks",
				);
				MARKETING_VERSION = 1.0;
				PRODUCT_BUNDLE_IDENTIFIER = com.example.Contacts;
				PRODUCT_NAME = "$(TARGET_NAME)";
				SWIFT_EMIT_LOC_STRINGS = YES;
				SWIFT_VERSION = 5.0;
				TARGETED_DEVICE_FAMILY = "1,2";
			};
			name = Debug;
		};
		035D4A6F2A2FBC9200548E21 /* Release */ = {
			isa = XCBuildConfiguration;
			buildSettings = {
				ASSETCATALOG_COMPILER_APPICON_NAME = AppIcon;
				ASSETCATALOG_COMPILER_GLOBAL_ACCENT_COLOR_NAME = AccentColor;
				CODE_SIGN_STYLE = Automatic;
				CURRENT_PROJECT_VERSION = 1;
				DEVELOPMENT_ASSET_PATHS = "\"Contacts/Preview Content\"";
				DEVELOPMENT_TEAM = RWX4BM392G;
				ENABLE_PREVIEWS = YES;
				GENERATE_INFOPLIST_FILE = YES;
				INFOPLIST_KEY_UIApplicationSceneManifest_Generation = YES;
				INFOPLIST_KEY_UIApplicationSupportsIndirectInputEvents = YES;
				INFOPLIST_KEY_UILaunchScreen_Generation = YES;
				INFOPLIST_KEY_UISupportedInterfaceOrientations_iPad = "UIInterfaceOrientationPortrait UIInterfaceOrientationPortraitUpsideDown UIInterfaceOrientationLandscapeLeft UIInterfaceOrientationLandscapeRight";
				INFOPLIST_KEY_UISupportedInterfaceOrientations_iPhone = "UIInterfaceOrientationPortrait UIInterfaceOrientationLandscapeLeft UIInterfaceOrientationLandscapeRight";
				LD_RUNPATH_SEARCH_PATHS = (
					"$(inherited)",
					"@executable_path/Frameworks",
				);
				MARKETING_VERSION = 1.0;
				PRODUCT_BUNDLE_IDENTIFIER = com.example.Contacts;
				PRODUCT_NAME = "$(TARGET_NAME)";
				SWIFT_EMIT_LOC_STRINGS = YES;
				SWIFT_VERSION = 5.0;
				TARGETED_DEVICE_FAMILY = "1,2";
			};
			name = Release;
		};
/* End XCBuildConfiguration section */

/* Begin XCConfigurationList section */
		035D4A5A2A2FBC9100548E21 /* Build configuration list for PBXProject "Contacts" */ = {
			isa = XCConfigurationList;
			buildConfigurations = (
				035D4A6B2A2FBC9200548E21 /* Debug */,
				035D4A6C2A2FBC9200548E21 /* Release */,
			);
			defaultConfigurationIsVisible = 0;
			defaultConfigurationName = Release;
		};
		035D4A6D2A2FBC9200548E21 /* Build configuration list for PBXNativeTarget "Contacts" */ = {
			isa = XCConfigurationList;
			buildConfigurations = (
				035D4A6E2A2FBC9200548E21 /* Debug */,
				035D4A6F2A2FBC9200548E21 /* Release */,
			);
			defaultConfigurationIsVisible = 0;
			defaultConfigurationName = Release;
		};
/* End XCConfigurationList section */

/* Begin XCRemoteSwiftPackageReference section */
		035D4A712A2FBF4100548E21 /* XCRemoteSwiftPackageReference "firebase-ios-sdk" */ = {
			isa = XCRemoteSwiftPackageReference;
			repositoryURL = "https://github.com/firebase/firebase-ios-sdk.git";
			requirement = {
				kind = upToNextMajorVersion;
				minimumVersion = 9.0.0;
			};
		};
/* End XCRemoteSwiftPackageReference section */

/* Begin XCSwiftPackageProductDependency section */
		035D4A722A2FBF4100548E21 /* FirebaseAuth */ = {
			isa = XCSwiftPackageProductDependency;
			package = 035D4A712A2FBF4100548E21 /* XCRemoteSwiftPackageReference "firebase-ios-sdk" */;
			productName = FirebaseAuth;
		};
		035D4A742A2FBF4100548E21 /* FirebaseFirestore */ = {
			isa = XCSwiftPackageProductDependency;
			package = 035D4A712A2FBF4100548E21 /* XCRemoteSwiftPackageReference "firebase-ios-sdk" */;
			productName = FirebaseFirestore;
		};
/* End XCSwiftPackageProductDependency section */
	};
	rootObject = 035D4A572A2FBC9100548E21 /* Project object */;
}
